
Microsoft Visual Studio Solution File, Format Version 12.00
# Visual Studio Version 17
VisualStudioVersion = 17.8.34330.188
MinimumVisualStudioVersion = 10.0.40219.1
Project("{FAE04EC0-301F-11D3-BF4B-00C04F79EFBC}") = "netmaui", "netmaui\netmaui.csproj", "{DFE59F62-F67C-4B97-9A82-43732EC36037}"
EndProject
Global
	GlobalSection(SolutionConfigurationPlatforms) = preSolution
		Debug|Any CPU = Debug|Any CPU
		Release|Any CPU = Release|Any CPU
	EndGlobalSection
	GlobalSection(ProjectConfigurationPlatforms) = postSolution
		{DFE59F62-F67C-4B97-9A82-43732EC36037}.Debug|Any CPU.ActiveCfg = Debug|Any CPU
		{DFE59F62-F67C-4B97-9A82-43732EC36037}.Debug|Any CPU.Build.0 = Debug|Any CPU
		{DFE59F62-F67C-4B97-9A82-43732EC36037}.Debug|Any CPU.Deploy.0 = Debug|Any CPU
		{DFE59F62-F67C-4B97-9A82-43732EC36037}.Release|Any CPU.ActiveCfg = Release|Any CPU
		{DFE59F62-F67C-4B97-9A82-43732EC36037}.Release|Any CPU.Build.0 = Release|Any CPU
		{DFE59F62-F67C-4B97-9A82-43732EC36037}.Release|Any CPU.Deploy.0 = Release|Any CPU
	EndGlobalSection
	GlobalSection(SolutionProperties) = preSolution
		HideSolutionNode = FALSE
	EndGlobalSection
	GlobalSection(ExtensibilityGlobals) = postSolution
		SolutionGuid = {353B05E6-5DC8-43AF-93EC-6A8E4D54CDF6}
	EndGlobalSection
EndGlobal
